
Microsoft Visual Studio Solution File, Format Version 12.00
# Visual Studio Version 16
VisualStudioVersion = 16.0.31129.286
MinimumVisualStudioVersion = 10.0.40219.1
Project("{FAE04EC0-301F-11D3-BF4B-00C04F79EFBC}") = "Connor.SES", "Connor.SES\Connor.SES.csproj", "{3A29716C-73D8-4879-9DF5-9DEAA7A4A668}"
EndProject
Global
	GlobalSection(SolutionConfigurationPlatforms) = preSolution
		Debug|Any CPU = Debug|Any CPU
		Release|Any CPU = Release|Any CPU
	EndGlobalSection
	GlobalSection(ProjectConfigurationPlatforms) = postSolution
		{3A29716C-73D8-4879-9DF5-9DEAA7A4A668}.Debug|Any CPU.ActiveCfg = Debug|Any CPU
		{3A29716C-73D8-4879-9DF5-9DEAA7A4A668}.Debug|Any CPU.Build.0 = Debug|Any CPU
		{3A29716C-73D8-4879-9DF5-9DEAA7A4A668}.Release|Any CPU.ActiveCfg = Release|Any CPU
		{3A29716C-73D8-4879-9DF5-9DEAA7A4A668}.Release|Any CPU.Build.0 = Release|Any CPU
	EndGlobalSection
	GlobalSection(SolutionProperties) = preSolution
		HideSolutionNode = FALSE
	EndGlobalSection
	GlobalSection(ExtensibilityGlobals) = postSolution
		SolutionGuid = {18F9C01E-F42D-44FE-943E-D8E459EF4139}
	EndGlobalSection
EndGlobal
